
Microsoft Visual Studio Solution File, Format Version 12.00
# Visual Studio Version 16
VisualStudioVersion = 16.0.30621.155
MinimumVisualStudioVersion = 10.0.40219.1
Project("{FAE04EC0-301F-11D3-BF4B-00C04F79EFBC}") = "TimeSheetManagement", "TimeSheetManagement\TimeSheetManagement.csproj", "{33516041-0C04-4355-973F-AE4450DFCEF9}"
EndProject
Global
	GlobalSection(SolutionConfigurationPlatforms) = preSolution
		Debug|Any CPU = Debug|Any CPU
		Release|Any CPU = Release|Any CPU
	EndGlobalSection
	GlobalSection(ProjectConfigurationPlatforms) = postSolution
		{33516041-0C04-4355-973F-AE4450DFCEF9}.Debug|Any CPU.ActiveCfg = Debug|Any CPU
		{33516041-0C04-4355-973F-AE4450DFCEF9}.Debug|Any CPU.Build.0 = Debug|Any CPU
		{33516041-0C04-4355-973F-AE4450DFCEF9}.Release|Any CPU.ActiveCfg = Release|Any CPU
		{33516041-0C04-4355-973F-AE4450DFCEF9}.Release|Any CPU.Build.0 = Release|Any CPU
	EndGlobalSection
	GlobalSection(SolutionProperties) = preSolution
		HideSolutionNode = FALSE
	EndGlobalSection
	GlobalSection(ExtensibilityGlobals) = postSolution
		SolutionGuid = {BB251934-3C5F-467B-8F23-40BB2204E701}
	EndGlobalSection
EndGlobal
